{
  "dependencies": {
    "concat-stream": {
      "version": "1.4.7",
      "dependencies": {
        "inherits": {
          "version": "2.0.1"
        },
        "typedarray": {
          "version": "0.0.6"
        },
        "readable-stream": {
          "version": "1.1.13",
          "dependencies": {
            "core-util-is": {
              "version": "1.0.1"
            },
            "isarray": {
              "version": "http://npm.urbanetic.net:8080/isarray/-/isarray-0.0.1.tgz"
            },
            "string_decoder": {
              "version": "0.10.31"
            }
          }
        }
      }
    },
    "request": {
      "version": "2.37.0",
      "dependencies": {
        "qs": {
          "version": "0.6.6"
        },
        "json-stringify-safe": {
          "version": "5.0.1"
        },
        "mime-types": {
          "version": "1.0.2"
        },
        "forever-agent": {
          "version": "0.5.2"
        },
        "node-uuid": {
          "version": "1.4.3"
        },
        "tough-cookie": {
          "version": "2.0.0"
        },
        "form-data": {
          "version": "0.1.4",
          "dependencies": {
            "combined-stream": {
              "version": "0.0.7",
              "dependencies": {
                "delayed-stream": {
                  "version": "0.0.5"
                }
              }
            },
            "mime": {
              "version": "1.2.11"
            },
            "async": {
              "version": "0.9.2"
            }
          }
        },
        "tunnel-agent": {
          "version": "0.4.1"
        },
        "http-signature": {
          "version": "0.10.1",
          "dependencies": {
            "assert-plus": {
              "version": "0.1.5"
            },
            "asn1": {
              "version": "http://npm.urbanetic.net:8080/asn1/-/asn1-0.1.11.tgz"
            },
            "ctype": {
              "version": "http://npm.urbanetic.net:8080/ctype/-/ctype-0.5.3.tgz"
            }
          }
        },
        "oauth-sign": {
          "version": "0.3.0"
        },
        "hawk": {
          "version": "1.1.1",
          "dependencies": {
            "hoek": {
              "version": "0.9.1"
            },
            "boom": {
              "version": "0.4.2"
            },
            "cryptiles": {
              "version": "0.2.2"
            },
            "sntp": {
              "version": "0.2.4"
            }
          }
        },
        "aws-sign2": {
          "version": "0.5.0"
        }
      }
    }
  }
}
